
Microsoft Visual Studio Solution File, Format Version 11.00
# Visual Studio 2010
Project("{8BC9CEB8-8B4A-11D0-8D11-00A0C91BC942}") = "kenlm", "kenlm.vcxproj", "{E834D71C-5D5F-4FB4-A361-88694C438FF9}"
EndProject
Project("{8BC9CEB8-8B4A-11D0-8D11-00A0C91BC942}") = "ngram_query", "ngram_query.vcxproj", "{826B8049-7E58-4415-BD64-9EDECDF1402B}"
	ProjectSection(ProjectDependencies) = postProject
		{E834D71C-5D5F-4FB4-A361-88694C438FF9} = {E834D71C-5D5F-4FB4-A361-88694C438FF9}
	EndProjectSection
EndProject
Project("{8BC9CEB8-8B4A-11D0-8D11-00A0C91BC942}") = "build_binary", "build_binary.vcxproj", "{726B8149-7F58-4415-BD64-9EDECDF3409A}"
	ProjectSection(ProjectDependencies) = postProject
		{E834D71C-5D5F-4FB4-A361-88694C438FF9} = {E834D71C-5D5F-4FB4-A361-88694C438FF9}
	EndProjectSection
EndProject
Project("{8BC9CEB8-8B4A-11D0-8D11-00A0C91BC942}") = "lmplz", "lmplz.vcxproj", "{926B8049-7E58-4415-BD64-9EDECDF1502C}"
EndProject
Global
	GlobalSection(SolutionConfigurationPlatforms) = preSolution
		Debug|Win32 = Debug|Win32
		Debug|x64 = Debug|x64
		Release|Win32 = Release|Win32
		Release|x64 = Release|x64
	EndGlobalSection
	GlobalSection(ProjectConfigurationPlatforms) = postSolution
		{E834D71C-5D5F-4FB4-A361-88694C438FF9}.Debug|Win32.ActiveCfg = Debug|Win32
		{E834D71C-5D5F-4FB4-A361-88694C438FF9}.Debug|Win32.Build.0 = Debug|Win32
		{E834D71C-5D5F-4FB4-A361-88694C438FF9}.Debug|x64.ActiveCfg = Debug|x64
		{E834D71C-5D5F-4FB4-A361-88694C438FF9}.Debug|x64.Build.0 = Debug|x64
		{E834D71C-5D5F-4FB4-A361-88694C438FF9}.Release|Win32.ActiveCfg = Release|x64
		{E834D71C-5D5F-4FB4-A361-88694C438FF9}.Release|Win32.Build.0 = Release|x64
		{E834D71C-5D5F-4FB4-A361-88694C438FF9}.Release|x64.ActiveCfg = Release|x64
		{E834D71C-5D5F-4FB4-A361-88694C438FF9}.Release|x64.Build.0 = Release|x64
		{826B8049-7E58-4415-BD64-9EDECDF1402B}.Debug|Win32.ActiveCfg = Debug|Win32
		{826B8049-7E58-4415-BD64-9EDECDF1402B}.Debug|Win32.Build.0 = Debug|Win32
		{826B8049-7E58-4415-BD64-9EDECDF1402B}.Debug|x64.ActiveCfg = Debug|x64
		{826B8049-7E58-4415-BD64-9EDECDF1402B}.Debug|x64.Build.0 = Debug|x64
		{826B8049-7E58-4415-BD64-9EDECDF1402B}.Release|Win32.ActiveCfg = Release|x64
		{826B8049-7E58-4415-BD64-9EDECDF1402B}.Release|Win32.Build.0 = Release|x64
		{826B8049-7E58-4415-BD64-9EDECDF1402B}.Release|x64.ActiveCfg = Release|x64
		{826B8049-7E58-4415-BD64-9EDECDF1402B}.Release|x64.Build.0 = Release|x64
		{726B8149-7F58-4415-BD64-9EDECDF3409A}.Debug|Win32.ActiveCfg = Debug|Win32
		{726B8149-7F58-4415-BD64-9EDECDF3409A}.Debug|Win32.Build.0 = Debug|Win32
		{726B8149-7F58-4415-BD64-9EDECDF3409A}.Debug|x64.ActiveCfg = Debug|x64
		{726B8149-7F58-4415-BD64-9EDECDF3409A}.Debug|x64.Build.0 = Debug|x64
		{726B8149-7F58-4415-BD64-9EDECDF3409A}.Release|Win32.ActiveCfg = Release|x64
		{726B8149-7F58-4415-BD64-9EDECDF3409A}.Release|Win32.Build.0 = Release|x64
		{726B8149-7F58-4415-BD64-9EDECDF3409A}.Release|x64.ActiveCfg = Release|x64
		{726B8149-7F58-4415-BD64-9EDECDF3409A}.Release|x64.Build.0 = Release|x64
		{926B8049-7E58-4415-BD64-9EDECDF1502C}.Debug|Win32.ActiveCfg = Debug|Win32
		{926B8049-7E58-4415-BD64-9EDECDF1502C}.Debug|Win32.Build.0 = Debug|Win32
		{926B8049-7E58-4415-BD64-9EDECDF1502C}.Debug|x64.ActiveCfg = Debug|Win32
		{926B8049-7E58-4415-BD64-9EDECDF1502C}.Release|Win32.ActiveCfg = Release|x64
		{926B8049-7E58-4415-BD64-9EDECDF1502C}.Release|Win32.Build.0 = Release|x64
		{926B8049-7E58-4415-BD64-9EDECDF1502C}.Release|x64.ActiveCfg = Release|Win32
	EndGlobalSection
	GlobalSection(SolutionProperties) = preSolution
		HideSolutionNode = FALSE
	EndGlobalSection
EndGlobal
